
Microsoft Visual Studio Solution File, Format Version 12.00
# Visual Studio Version 17
VisualStudioVersion = 17.1.32328.378
MinimumVisualStudioVersion = 10.0.40219.1
Project("{FAE04EC0-301F-11D3-BF4B-00C04F79EFBC}") = "Lab1", "Lab1.csproj", "{1ADFDE69-5B00-47B3-B7E1-828FEF80A486}"
EndProject
Project("{FAE04EC0-301F-11D3-BF4B-00C04F79EFBC}") = "lab2", "..\lab2\lab2.csproj", "{E37F2868-D11D-4C71-AFEF-203D2FB3F61D}"
EndProject
Project("{FAE04EC0-301F-11D3-BF4B-00C04F79EFBC}") = "lab3", "..\lab3\lab3.csproj", "{26A45058-1BA9-46CB-821F-5AA39A934D2B}"
EndProject
Project("{FAE04EC0-301F-11D3-BF4B-00C04F79EFBC}") = "Lab4", "..\Lab4\Lab4.csproj", "{4C54A1BB-6D91-40AF-9D8F-22252BA7B76C}"
EndProject
Project("{FAE04EC0-301F-11D3-BF4B-00C04F79EFBC}") = "lab5", "..\lab5\lab5.csproj", "{10A96518-55B7-4A65-A856-9EAA123C74FD}"
EndProject
Global
	GlobalSection(SolutionConfigurationPlatforms) = preSolution
		Debug|Any CPU = Debug|Any CPU
		Release|Any CPU = Release|Any CPU
	EndGlobalSection
	GlobalSection(ProjectConfigurationPlatforms) = postSolution
		{1ADFDE69-5B00-47B3-B7E1-828FEF80A486}.Debug|Any CPU.ActiveCfg = Debug|Any CPU
		{1ADFDE69-5B00-47B3-B7E1-828FEF80A486}.Debug|Any CPU.Build.0 = Debug|Any CPU
		{1ADFDE69-5B00-47B3-B7E1-828FEF80A486}.Release|Any CPU.ActiveCfg = Release|Any CPU
		{1ADFDE69-5B00-47B3-B7E1-828FEF80A486}.Release|Any CPU.Build.0 = Release|Any CPU
		{E37F2868-D11D-4C71-AFEF-203D2FB3F61D}.Debug|Any CPU.ActiveCfg = Debug|Any CPU
		{E37F2868-D11D-4C71-AFEF-203D2FB3F61D}.Debug|Any CPU.Build.0 = Debug|Any CPU
		{E37F2868-D11D-4C71-AFEF-203D2FB3F61D}.Release|Any CPU.ActiveCfg = Release|Any CPU
		{E37F2868-D11D-4C71-AFEF-203D2FB3F61D}.Release|Any CPU.Build.0 = Release|Any CPU
		{26A45058-1BA9-46CB-821F-5AA39A934D2B}.Debug|Any CPU.ActiveCfg = Debug|Any CPU
		{26A45058-1BA9-46CB-821F-5AA39A934D2B}.Debug|Any CPU.Build.0 = Debug|Any CPU
		{26A45058-1BA9-46CB-821F-5AA39A934D2B}.Release|Any CPU.ActiveCfg = Release|Any CPU
		{26A45058-1BA9-46CB-821F-5AA39A934D2B}.Release|Any CPU.Build.0 = Release|Any CPU
		{4C54A1BB-6D91-40AF-9D8F-22252BA7B76C}.Debug|Any CPU.ActiveCfg = Debug|Any CPU
		{4C54A1BB-6D91-40AF-9D8F-22252BA7B76C}.Debug|Any CPU.Build.0 = Debug|Any CPU
		{4C54A1BB-6D91-40AF-9D8F-22252BA7B76C}.Release|Any CPU.ActiveCfg = Release|Any CPU
		{4C54A1BB-6D91-40AF-9D8F-22252BA7B76C}.Release|Any CPU.Build.0 = Release|Any CPU
		{10A96518-55B7-4A65-A856-9EAA123C74FD}.Debug|Any CPU.ActiveCfg = Debug|Any CPU
		{10A96518-55B7-4A65-A856-9EAA123C74FD}.Debug|Any CPU.Build.0 = Debug|Any CPU
		{10A96518-55B7-4A65-A856-9EAA123C74FD}.Release|Any CPU.ActiveCfg = Release|Any CPU
		{10A96518-55B7-4A65-A856-9EAA123C74FD}.Release|Any CPU.Build.0 = Release|Any CPU
	EndGlobalSection
	GlobalSection(SolutionProperties) = preSolution
		HideSolutionNode = FALSE
	EndGlobalSection
	GlobalSection(ExtensibilityGlobals) = postSolution
		SolutionGuid = {54F7EB1C-B125-470D-BAA2-E785E030335A}
	EndGlobalSection
EndGlobal
